
Microsoft Visual Studio Solution File, Format Version 12.00
# Visual Studio Version 16
VisualStudioVersion = 16.0.30114.105
MinimumVisualStudioVersion = 10.0.40219.1
Project("{2150E333-8FDC-42A3-9474-1A3956D46DE8}") = "src", "src", "{BF0B372D-6974-4110-9C13-D6ED028AC4F2}"
EndProject
Project("{FAE04EC0-301F-11D3-BF4B-00C04F79EFBC}") = "Gooi.Azure", "src\Gooi.Azure\Gooi.Azure.csproj", "{9DE310A0-737F-4770-9822-3E7B17D316B1}"
EndProject
Project("{FAE04EC0-301F-11D3-BF4B-00C04F79EFBC}") = "Gooi.Core", "src\Gooi.Core\Gooi.Core.csproj", "{A25217ED-ADEA-430A-B218-887DE3A569F0}"
EndProject
Project("{FAE04EC0-301F-11D3-BF4B-00C04F79EFBC}") = "Gooi.CLI", "src\Gooi.CLI\Gooi.CLI.csproj", "{72F39031-D25A-4603-B828-DD482A061FCC}"
EndProject
Project("{2150E333-8FDC-42A3-9474-1A3956D46DE8}") = "tests", "tests", "{4C787FCB-7C6E-42CF-90F2-A551D049D227}"
EndProject
Project("{FAE04EC0-301F-11D3-BF4B-00C04F79EFBC}") = "Gooi.Tests", "tests\Gooi.Tests\Gooi.Tests.csproj", "{46384218-245A-427D-9FB7-6D04F9C25680}"
EndProject
Global
	GlobalSection(SolutionConfigurationPlatforms) = preSolution
		Debug|Any CPU = Debug|Any CPU
		Release|Any CPU = Release|Any CPU
	EndGlobalSection
	GlobalSection(SolutionProperties) = preSolution
		HideSolutionNode = FALSE
	EndGlobalSection
	GlobalSection(ProjectConfigurationPlatforms) = postSolution
		{9DE310A0-737F-4770-9822-3E7B17D316B1}.Debug|Any CPU.ActiveCfg = Debug|Any CPU
		{9DE310A0-737F-4770-9822-3E7B17D316B1}.Debug|Any CPU.Build.0 = Debug|Any CPU
		{9DE310A0-737F-4770-9822-3E7B17D316B1}.Release|Any CPU.ActiveCfg = Release|Any CPU
		{9DE310A0-737F-4770-9822-3E7B17D316B1}.Release|Any CPU.Build.0 = Release|Any CPU
		{A25217ED-ADEA-430A-B218-887DE3A569F0}.Debug|Any CPU.ActiveCfg = Debug|Any CPU
		{A25217ED-ADEA-430A-B218-887DE3A569F0}.Debug|Any CPU.Build.0 = Debug|Any CPU
		{A25217ED-ADEA-430A-B218-887DE3A569F0}.Release|Any CPU.ActiveCfg = Release|Any CPU
		{A25217ED-ADEA-430A-B218-887DE3A569F0}.Release|Any CPU.Build.0 = Release|Any CPU
		{72F39031-D25A-4603-B828-DD482A061FCC}.Debug|Any CPU.ActiveCfg = Debug|Any CPU
		{72F39031-D25A-4603-B828-DD482A061FCC}.Debug|Any CPU.Build.0 = Debug|Any CPU
		{72F39031-D25A-4603-B828-DD482A061FCC}.Release|Any CPU.ActiveCfg = Release|Any CPU
		{72F39031-D25A-4603-B828-DD482A061FCC}.Release|Any CPU.Build.0 = Release|Any CPU
		{46384218-245A-427D-9FB7-6D04F9C25680}.Debug|Any CPU.ActiveCfg = Debug|Any CPU
		{46384218-245A-427D-9FB7-6D04F9C25680}.Debug|Any CPU.Build.0 = Debug|Any CPU
		{46384218-245A-427D-9FB7-6D04F9C25680}.Release|Any CPU.ActiveCfg = Release|Any CPU
		{46384218-245A-427D-9FB7-6D04F9C25680}.Release|Any CPU.Build.0 = Release|Any CPU
	EndGlobalSection
	GlobalSection(NestedProjects) = preSolution
		{9DE310A0-737F-4770-9822-3E7B17D316B1} = {BF0B372D-6974-4110-9C13-D6ED028AC4F2}
		{A25217ED-ADEA-430A-B218-887DE3A569F0} = {BF0B372D-6974-4110-9C13-D6ED028AC4F2}
		{72F39031-D25A-4603-B828-DD482A061FCC} = {BF0B372D-6974-4110-9C13-D6ED028AC4F2}
		{46384218-245A-427D-9FB7-6D04F9C25680} = {4C787FCB-7C6E-42CF-90F2-A551D049D227}
	EndGlobalSection
EndGlobal
